{
  "object": {
    "pins": [
      {
        "package": "KeyboardKit",
        "repositoryURL": "https://github.com/KeyboardKit/KeyboardKit",
        "state": {
          "branch": "master",
          "revision": "c5d8215676331c9b5fc20ec49dde0959e02fe4c1",
          "version": null
        }
      },
      {
        "package": "KeyboardKitPro",
        "repositoryURL": "https://github.com/KeyboardKit/KeyboardKitPro",
        "state": {
          "branch": "master",
          "revision": "c471df131baa061c6dda88f039ff314cadd49be0",
          "version": null
        }
      }
    ]
  },
  "version": 1
}
