{
  "object": {
    "pins": [
      {
        "package": "KeyboardKit",
        "repositoryURL": "https://github.com/Shilo/KeyboardKit",
        "state": {
          "branch": "master",
          "revision": "f4be631e91e1d9fa97bb5e1b6c537b1416f8ef06",
          "version": null
        }
      },
      {
        "package": "KeyboardKitPro",
        "repositoryURL": "https://github.com/KeyboardKit/KeyboardKitPro",
        "state": {
          "branch": "master",
          "revision": "c471df131baa061c6dda88f039ff314cadd49be0",
          "version": null
        }
      }
    ]
  },
  "version": 1
}
